
Microsoft Visual Studio Solution File, Format Version 12.00
# Visual Studio 15
Project("{FAE04EC0-301F-11D3-BF4B-00C04F79EFBC}") = "Assembly-CSharp", "Assembly-CSharp.csproj", "{1379A0D0-AEA8-60F7-0105-272DD39E9115}"
EndProject
Project("{FAE04EC0-301F-11D3-BF4B-00C04F79EFBC}") = "Assembly-CSharp-firstpass", "Assembly-CSharp-firstpass.csproj", "{8C9B4CA5-92B0-6D1B-F6E8-B8F6E4393AAE}"
EndProject
Project("{FAE04EC0-301F-11D3-BF4B-00C04F79EFBC}") = "Assembly-CSharp-Editor-firstpass", "Assembly-CSharp-Editor-firstpass.csproj", "{CA495F93-ABEE-87FE-4D2C-D70A3B59178D}"
EndProject
Global
	GlobalSection(SolutionConfigurationPlatforms) = preSolution
		Debug|Any CPU = Debug|Any CPU
		Release|Any CPU = Release|Any CPU
	EndGlobalSection
	GlobalSection(ProjectConfigurationPlatforms) = postSolution
		{1379A0D0-AEA8-60F7-0105-272DD39E9115}.Debug|Any CPU.ActiveCfg = Debug|Any CPU
		{1379A0D0-AEA8-60F7-0105-272DD39E9115}.Debug|Any CPU.Build.0 = Debug|Any CPU
		{1379A0D0-AEA8-60F7-0105-272DD39E9115}.Release|Any CPU.ActiveCfg = Release|Any CPU
		{1379A0D0-AEA8-60F7-0105-272DD39E9115}.Release|Any CPU.Build.0 = Release|Any CPU
		{8C9B4CA5-92B0-6D1B-F6E8-B8F6E4393AAE}.Debug|Any CPU.ActiveCfg = Debug|Any CPU
		{8C9B4CA5-92B0-6D1B-F6E8-B8F6E4393AAE}.Debug|Any CPU.Build.0 = Debug|Any CPU
		{8C9B4CA5-92B0-6D1B-F6E8-B8F6E4393AAE}.Release|Any CPU.ActiveCfg = Release|Any CPU
		{8C9B4CA5-92B0-6D1B-F6E8-B8F6E4393AAE}.Release|Any CPU.Build.0 = Release|Any CPU
		{CA495F93-ABEE-87FE-4D2C-D70A3B59178D}.Debug|Any CPU.ActiveCfg = Debug|Any CPU
		{CA495F93-ABEE-87FE-4D2C-D70A3B59178D}.Debug|Any CPU.Build.0 = Debug|Any CPU
		{CA495F93-ABEE-87FE-4D2C-D70A3B59178D}.Release|Any CPU.ActiveCfg = Release|Any CPU
		{CA495F93-ABEE-87FE-4D2C-D70A3B59178D}.Release|Any CPU.Build.0 = Release|Any CPU
	EndGlobalSection
	GlobalSection(SolutionProperties) = preSolution
		HideSolutionNode = FALSE
	EndGlobalSection
EndGlobal
